{
  "name": "assessment-util",
  "version": "1.0.0",
  "lockfileVersion": 2,
  "requires": true,
  "packages": {
    "": {
      "name": "assessment-util",
      "version": "1.0.0",
      "license": "ISC",
      "dependencies": {
        "marked": "^4.0.7"
      }
    },
    "node_modules/marked": {
      "version": "4.0.7",
      "resolved": "https://registry.npmjs.org/marked/-/marked-4.0.7.tgz",
      "integrity": "sha512-mQrRvV2vRk7DHZsWsYJfAjmBo+lSYPhTJPThaaGpkEfmC+4oefeug2txZniQTieDS0CFpokfVhd7JuS5GtnHhA==",
      "bin": {
        "marked": "bin/marked.js"
      },
      "engines": {
        "node": ">= 12"
      }
    }
  },
  "dependencies": {
    "marked": {
      "version": "4.0.7",
      "resolved": "https://registry.npmjs.org/marked/-/marked-4.0.7.tgz",
      "integrity": "sha512-mQrRvV2vRk7DHZsWsYJfAjmBo+lSYPhTJPThaaGpkEfmC+4oefeug2txZniQTieDS0CFpokfVhd7JuS5GtnHhA=="
    }
  }
}
